// !$*UTF8*$!
{
	archiveVersion = 1;
	classes = {
	};
	objectVersion = 56;
	objects = {

/* Begin PBXBuildFile section */
		5C3868642F8EAEF30085985A /* StoryCharts Watch.app in Embed Watch Content */ = {isa = PBXBuildFile; fileRef = C200000001 /* StoryCharts Watch.app */; settings = {ATTRIBUTES = (RemoveHeadersOnCopy, ); }; };
		A100000001 /* StoryChartsApp.swift in Sources */ = {isa = PBXBuildFile; fileRef = B100000001 /* StoryChartsApp.swift */; };
		A100000002 /* Story.swift in Sources */ = {isa = PBXBuildFile; fileRef = B100000010 /* Story.swift */; };
		A100000003 /* APIClient.swift in Sources */ = {isa = PBXBuildFile; fileRef = B100000011 /* APIClient.swift */; };
		A100000004 /* ChartView.swift in Sources */ = {isa = PBXBuildFile; fileRef = B100000012 /* ChartView.swift */; };
		A100000005 /* StoryListView.swift in Sources */ = {isa = PBXBuildFile; fileRef = B100000013 /* StoryListView.swift */; };
		A100000006 /* StoryDetailView.swift in Sources */ = {isa = PBXBuildFile; fileRef = B100000014 /* StoryDetailView.swift */; };
		A100000007 /* Assets.xcassets in Resources */ = {isa = PBXBuildFile; fileRef = B100000002 /* Assets.xcassets */; };
		A100000008 /* AuthManager.swift in Sources */ = {isa = PBXBuildFile; fileRef = B100000015 /* AuthManager.swift */; };
		A100000009 /* BlockedUsers.swift in Sources */ = {isa = PBXBuildFile; fileRef = B100000016 /* BlockedUsers.swift */; };
		A100000010 /* APIConfig.swift in Sources */ = {isa = PBXBuildFile; fileRef = B100000017 /* APIConfig.swift */; };
		A200000001 /* StoryChartsWatchApp.swift in Sources */ = {isa = PBXBuildFile; fileRef = B200000001 /* StoryChartsWatchApp.swift */; };
		A200000002 /* WatchStoryListView.swift in Sources */ = {isa = PBXBuildFile; fileRef = B200000002 /* WatchStoryListView.swift */; };
		A200000003 /* WatchStoryDetailView.swift in Sources */ = {isa = PBXBuildFile; fileRef = B200000003 /* WatchStoryDetailView.swift */; };
		A200000004 /* Story.swift in Sources */ = {isa = PBXBuildFile; fileRef = B100000010 /* Story.swift */; };
		A200000005 /* APIClient.swift in Sources */ = {isa = PBXBuildFile; fileRef = B100000011 /* APIClient.swift */; };
		A200000006 /* ChartView.swift in Sources */ = {isa = PBXBuildFile; fileRef = B100000012 /* ChartView.swift */; };
		A200000007 /* Assets.xcassets in Resources */ = {isa = PBXBuildFile; fileRef = B200000004 /* Assets.xcassets */; };
		A200000008 /* BlockedUsers.swift in Sources */ = {isa = PBXBuildFile; fileRef = B100000016 /* BlockedUsers.swift */; };
		A200000009 /* APIConfig.swift in Sources */ = {isa = PBXBuildFile; fileRef = B100000017 /* APIConfig.swift */; };
/* End PBXBuildFile section */

/* Begin PBXContainerItemProxy section */
		5C3868652F8EAEF30085985A /* PBXContainerItemProxy */ = {
			isa = PBXContainerItemProxy;
			containerPortal = D099999999 /* Project object */;
			proxyType = 1;
			remoteGlobalIDString = E200000001;
			remoteInfo = "StoryCharts Watch";
		};
/* End PBXContainerItemProxy section */

/* Begin PBXCopyFilesBuildPhase section */
		5C3868672F8EAEF30085985A /* Embed Watch Content */ = {
			isa = PBXCopyFilesBuildPhase;
			buildActionMask = 2147483647;
			dstPath = "$(CONTENTS_FOLDER_PATH)/Watch";
			dstSubfolderSpec = 16;
			files = (
				5C3868642F8EAEF30085985A /* StoryCharts Watch.app in Embed Watch Content */,
			);
			name = "Embed Watch Content";
			runOnlyForDeploymentPostprocessing = 0;
		};
/* End PBXCopyFilesBuildPhase section */

/* Begin PBXFileReference section */
		B100000001 /* StoryChartsApp.swift */ = {isa = PBXFileReference; lastKnownFileType = sourcecode.swift; path = StoryChartsApp.swift; sourceTree = "<group>"; };
		B100000002 /* Assets.xcassets */ = {isa = PBXFileReference; lastKnownFileType = folder.assetcatalog; path = Assets.xcassets; sourceTree = "<group>"; };
		B100000010 /* Story.swift */ = {isa = PBXFileReference; lastKnownFileType = sourcecode.swift; path = Story.swift; sourceTree = "<group>"; };
		B100000011 /* APIClient.swift */ = {isa = PBXFileReference; lastKnownFileType = sourcecode.swift; path = APIClient.swift; sourceTree = "<group>"; };
		B100000012 /* ChartView.swift */ = {isa = PBXFileReference; lastKnownFileType = sourcecode.swift; path = ChartView.swift; sourceTree = "<group>"; };
		B100000013 /* StoryListView.swift */ = {isa = PBXFileReference; lastKnownFileType = sourcecode.swift; path = StoryListView.swift; sourceTree = "<group>"; };
		B100000014 /* StoryDetailView.swift */ = {isa = PBXFileReference; lastKnownFileType = sourcecode.swift; path = StoryDetailView.swift; sourceTree = "<group>"; };
		B100000015 /* AuthManager.swift */ = {isa = PBXFileReference; lastKnownFileType = sourcecode.swift; path = AuthManager.swift; sourceTree = "<group>"; };
		B100000016 /* BlockedUsers.swift */ = {isa = PBXFileReference; lastKnownFileType = sourcecode.swift; path = BlockedUsers.swift; sourceTree = "<group>"; };
		B100000017 /* APIConfig.swift */ = {isa = PBXFileReference; lastKnownFileType = sourcecode.swift; path = APIConfig.swift; sourceTree = "<group>"; };
		B200000001 /* StoryChartsWatchApp.swift */ = {isa = PBXFileReference; lastKnownFileType = sourcecode.swift; path = StoryChartsWatchApp.swift; sourceTree = "<group>"; };
		B200000002 /* WatchStoryListView.swift */ = {isa = PBXFileReference; lastKnownFileType = sourcecode.swift; path = WatchStoryListView.swift; sourceTree = "<group>"; };
		B200000003 /* WatchStoryDetailView.swift */ = {isa = PBXFileReference; lastKnownFileType = sourcecode.swift; path = WatchStoryDetailView.swift; sourceTree = "<group>"; };
		B200000004 /* Assets.xcassets */ = {isa = PBXFileReference; lastKnownFileType = folder.assetcatalog; path = Assets.xcassets; sourceTree = "<group>"; };
		C100000001 /* StoryCharts.app */ = {isa = PBXFileReference; explicitFileType = wrapper.application; includeInIndex = 0; path = StoryCharts.app; sourceTree = BUILT_PRODUCTS_DIR; };
		C200000001 /* StoryCharts Watch.app */ = {isa = PBXFileReference; explicitFileType = wrapper.application; includeInIndex = 0; path = "StoryCharts Watch.app"; sourceTree = BUILT_PRODUCTS_DIR; };
/* End PBXFileReference section */

/* Begin PBXGroup section */
		5C3868632F8EAEF30085985A /* Frameworks */ = {
			isa = PBXGroup;
			children = (
			);
			name = Frameworks;
			sourceTree = "<group>";
		};
		D000000001 = {
			isa = PBXGroup;
			children = (
				D000000010 /* shared */,
				D000000020 /* iphone */,
				D000000030 /* watch */,
				5C3868632F8EAEF30085985A /* Frameworks */,
				D000000099 /* Products */,
			);
			sourceTree = "<group>";
		};
		D000000010 /* shared */ = {
			isa = PBXGroup;
			children = (
				D000000011 /* Models */,
				D000000012 /* API */,
				D000000013 /* Views */,
			);
			path = shared;
			sourceTree = "<group>";
		};
		D000000011 /* Models */ = {
			isa = PBXGroup;
			children = (
				B100000010 /* Story.swift */,
			);
			path = Models;
			sourceTree = "<group>";
		};
		D000000012 /* API */ = {
			isa = PBXGroup;
			children = (
				B100000011 /* APIClient.swift */,
				B100000017 /* APIConfig.swift */,
				B100000015 /* AuthManager.swift */,
				B100000016 /* BlockedUsers.swift */,
			);
			path = API;
			sourceTree = "<group>";
		};
		D000000013 /* Views */ = {
			isa = PBXGroup;
			children = (
				B100000012 /* ChartView.swift */,
				B100000013 /* StoryListView.swift */,
				B100000014 /* StoryDetailView.swift */,
			);
			path = Views;
			sourceTree = "<group>";
		};
		D000000020 /* iphone */ = {
			isa = PBXGroup;
			children = (
				B100000001 /* StoryChartsApp.swift */,
				B100000002 /* Assets.xcassets */,
			);
			path = iphone;
			sourceTree = "<group>";
		};
		D000000030 /* watch */ = {
			isa = PBXGroup;
			children = (
				B200000001 /* StoryChartsWatchApp.swift */,
				B200000002 /* WatchStoryListView.swift */,
				B200000003 /* WatchStoryDetailView.swift */,
				B200000004 /* Assets.xcassets */,
			);
			path = watch;
			sourceTree = "<group>";
		};
		D000000099 /* Products */ = {
			isa = PBXGroup;
			children = (
				C100000001 /* StoryCharts.app */,
				C200000001 /* StoryCharts Watch.app */,
			);
			name = Products;
			sourceTree = "<group>";
		};
/* End PBXGroup section */

/* Begin PBXNativeTarget section */
		E100000001 /* StoryCharts */ = {
			isa = PBXNativeTarget;
			buildConfigurationList = F100000001 /* Build configuration list for PBXNativeTarget "StoryCharts" */;
			buildPhases = (
				E100000010 /* Sources */,
				E100000011 /* Resources */,
				5C3868672F8EAEF30085985A /* Embed Watch Content */,
			);
			buildRules = (
			);
			dependencies = (
				5C3868662F8EAEF30085985A /* PBXTargetDependency */,
			);
			name = StoryCharts;
			productName = StoryCharts;
			productReference = C100000001 /* StoryCharts.app */;
			productType = "com.apple.product-type.application";
		};
		E200000001 /* StoryCharts Watch */ = {
			isa = PBXNativeTarget;
			buildConfigurationList = F200000001 /* Build configuration list for PBXNativeTarget "StoryCharts Watch" */;
			buildPhases = (
				E200000010 /* Sources */,
				E200000011 /* Resources */,
			);
			buildRules = (
			);
			dependencies = (
			);
			name = "StoryCharts Watch";
			productName = "StoryCharts Watch";
			productReference = C200000001 /* StoryCharts Watch.app */;
			productType = "com.apple.product-type.application";
		};
/* End PBXNativeTarget section */

/* Begin PBXProject section */
		D099999999 /* Project object */ = {
			isa = PBXProject;
			attributes = {
				BuildIndependentTargetsInParallel = 1;
				LastSwiftUpdateCheck = 1500;
				LastUpgradeCheck = 1500;
				TargetAttributes = {
					E100000001 = {
						CreatedOnToolsVersion = 15.0;
					};
					E200000001 = {
						CreatedOnToolsVersion = 15.0;
					};
				};
			};
			buildConfigurationList = F000000001 /* Build configuration list for PBXProject "StoryCharts" */;
			compatibilityVersion = "Xcode 14.0";
			developmentRegion = en;
			hasScannedForEncodings = 0;
			knownRegions = (
				en,
				Base,
			);
			mainGroup = D000000001;
			productRefGroup = D000000099 /* Products */;
			projectDirPath = "";
			projectRoot = "";
			targets = (
				E100000001 /* StoryCharts */,
				E200000001 /* StoryCharts Watch */,
			);
		};
/* End PBXProject section */

/* Begin PBXResourcesBuildPhase section */
		E100000011 /* Resources */ = {
			isa = PBXResourcesBuildPhase;
			buildActionMask = 2147483647;
			files = (
				A100000007 /* Assets.xcassets in Resources */,
			);
			runOnlyForDeploymentPostprocessing = 0;
		};
		E200000011 /* Resources */ = {
			isa = PBXResourcesBuildPhase;
			buildActionMask = 2147483647;
			files = (
				A200000007 /* Assets.xcassets in Resources */,
			);
			runOnlyForDeploymentPostprocessing = 0;
		};
/* End PBXResourcesBuildPhase section */

/* Begin PBXSourcesBuildPhase section */
		E100000010 /* Sources */ = {
			isa = PBXSourcesBuildPhase;
			buildActionMask = 2147483647;
			files = (
				A100000001 /* StoryChartsApp.swift in Sources */,
				A100000002 /* Story.swift in Sources */,
				A100000003 /* APIClient.swift in Sources */,
				A100000004 /* ChartView.swift in Sources */,
				A100000005 /* StoryListView.swift in Sources */,
				A100000006 /* StoryDetailView.swift in Sources */,
				A100000008 /* AuthManager.swift in Sources */,
				A100000009 /* BlockedUsers.swift in Sources */,
				A100000010 /* APIConfig.swift in Sources */,
			);
			runOnlyForDeploymentPostprocessing = 0;
		};
		E200000010 /* Sources */ = {
			isa = PBXSourcesBuildPhase;
			buildActionMask = 2147483647;
			files = (
				A200000001 /* StoryChartsWatchApp.swift in Sources */,
				A200000002 /* WatchStoryListView.swift in Sources */,
				A200000003 /* WatchStoryDetailView.swift in Sources */,
				A200000004 /* Story.swift in Sources */,
				A200000005 /* APIClient.swift in Sources */,
				A200000006 /* ChartView.swift in Sources */,
				A200000008 /* BlockedUsers.swift in Sources */,
				A200000009 /* APIConfig.swift in Sources */,
			);
			runOnlyForDeploymentPostprocessing = 0;
		};
/* End PBXSourcesBuildPhase section */

/* Begin PBXTargetDependency section */
		5C3868662F8EAEF30085985A /* PBXTargetDependency */ = {
			isa = PBXTargetDependency;
			target = E200000001 /* StoryCharts Watch */;
			targetProxy = 5C3868652F8EAEF30085985A /* PBXContainerItemProxy */;
		};
/* End PBXTargetDependency section */

/* Begin XCBuildConfiguration section */
		G000000001 /* Debug */ = {
			isa = XCBuildConfiguration;
			buildSettings = {
				ALWAYS_SEARCH_USER_PATHS = NO;
				ASSETCATALOG_COMPILER_GENERATE_SWIFT_ASSET_SYMBOL_EXTENSIONS = YES;
				CLANG_ANALYZER_NONNULL = YES;
				CLANG_CXX_LANGUAGE_STANDARD = "gnu++20";
				CLANG_ENABLE_MODULES = YES;
				CLANG_ENABLE_OBJC_ARC = YES;
				COPY_PHASE_STRIP = NO;
				DEBUG_INFORMATION_FORMAT = dwarf;
				ENABLE_STRICT_OBJC_MSGSEND = YES;
				ENABLE_TESTABILITY = YES;
				GCC_DYNAMIC_NO_PIC = NO;
				GCC_OPTIMIZATION_LEVEL = 0;
				GCC_WARN_ABOUT_RETURN_TYPE = YES_ERROR;
				GCC_WARN_UNINITIALIZED_AUTOS = YES_AGGRESSIVE;
				MTL_ENABLE_DEBUG_INFO = INCLUDE_SOURCE;
				ONLY_ACTIVE_ARCH = YES;
				SWIFT_ACTIVE_COMPILATION_CONDITIONS = "DEBUG $(inherited)";
				SWIFT_OPTIMIZATION_LEVEL = "-Onone";
			};
			name = Debug;
		};
		G000000002 /* Release */ = {
			isa = XCBuildConfiguration;
			buildSettings = {
				ALWAYS_SEARCH_USER_PATHS = NO;
				ASSETCATALOG_COMPILER_GENERATE_SWIFT_ASSET_SYMBOL_EXTENSIONS = YES;
				CLANG_ANALYZER_NONNULL = YES;
				CLANG_CXX_LANGUAGE_STANDARD = "gnu++20";
				CLANG_ENABLE_MODULES = YES;
				CLANG_ENABLE_OBJC_ARC = YES;
				COPY_PHASE_STRIP = NO;
				DEBUG_INFORMATION_FORMAT = "dwarf-with-dsym";
				ENABLE_NS_ASSERTIONS = NO;
				ENABLE_STRICT_OBJC_MSGSEND = YES;
				GCC_WARN_ABOUT_RETURN_TYPE = YES_ERROR;
				GCC_WARN_UNINITIALIZED_AUTOS = YES_AGGRESSIVE;
				SWIFT_COMPILATION_MODE = wholemodule;
			};
			name = Release;
		};
		G100000001 /* Debug */ = {
			isa = XCBuildConfiguration;
			buildSettings = {
				ASSETCATALOG_COMPILER_APPICON_NAME = AppIcon;
				ASSETCATALOG_COMPILER_GLOBAL_ACCENT_COLOR_NAME = AccentColor;
				CODE_SIGN_IDENTITY = "Apple Development";
				CODE_SIGN_STYLE = Automatic;
				CURRENT_PROJECT_VERSION = 6;
				DEVELOPMENT_TEAM = CR3TXC4TRW;
				GENERATE_INFOPLIST_FILE = YES;
				INFOPLIST_KEY_CFBundleDisplayName = StoryCharts;
				INFOPLIST_KEY_ITSAppUsesNonExemptEncryption = NO;
				INFOPLIST_KEY_UIApplicationSceneManifest_Generation = YES;
				INFOPLIST_KEY_UIApplicationSupportsIndirectInputEvents = YES;
				INFOPLIST_KEY_UILaunchScreen_Generation = YES;
				INFOPLIST_KEY_UISupportedInterfaceOrientations_iPad = "UIInterfaceOrientationPortrait UIInterfaceOrientationPortraitUpsideDown UIInterfaceOrientationLandscapeLeft UIInterfaceOrientationLandscapeRight";
				INFOPLIST_KEY_UISupportedInterfaceOrientations_iPhone = "UIInterfaceOrientationPortrait UIInterfaceOrientationLandscapeLeft UIInterfaceOrientationLandscapeRight";
				IPHONEOS_DEPLOYMENT_TARGET = 17.0;
				LD_RUNPATH_SEARCH_PATHS = (
					"$(inherited)",
					"@executable_path/Frameworks",
				);
				MARKETING_VERSION = 1.1;
				PRODUCT_BUNDLE_IDENTIFIER = com.jamesdai.storycharts;
				PRODUCT_NAME = "$(TARGET_NAME)";
				PROVISIONING_PROFILE_SPECIFIER = "";
				SDKROOT = iphoneos;
				SUPPORTED_PLATFORMS = "iphoneos iphonesimulator";
				SUPPORTS_MACCATALYST = NO;
				SWIFT_EMIT_LOC_STRINGS = YES;
				SWIFT_VERSION = 5.0;
				TARGETED_DEVICE_FAMILY = "1,2";
			};
			name = Debug;
		};
		G100000002 /* Release */ = {
			isa = XCBuildConfiguration;
			buildSettings = {
				ASSETCATALOG_COMPILER_APPICON_NAME = AppIcon;
				ASSETCATALOG_COMPILER_GLOBAL_ACCENT_COLOR_NAME = AccentColor;
				CODE_SIGN_STYLE = Automatic;
				CURRENT_PROJECT_VERSION = 6;
				DEVELOPMENT_TEAM = CR3TXC4TRW;
				GENERATE_INFOPLIST_FILE = YES;
				INFOPLIST_KEY_CFBundleDisplayName = StoryCharts;
				INFOPLIST_KEY_ITSAppUsesNonExemptEncryption = NO;
				INFOPLIST_KEY_UIApplicationSceneManifest_Generation = YES;
				INFOPLIST_KEY_UIApplicationSupportsIndirectInputEvents = YES;
				INFOPLIST_KEY_UILaunchScreen_Generation = YES;
				INFOPLIST_KEY_UISupportedInterfaceOrientations_iPad = "UIInterfaceOrientationPortrait UIInterfaceOrientationPortraitUpsideDown UIInterfaceOrientationLandscapeLeft UIInterfaceOrientationLandscapeRight";
				INFOPLIST_KEY_UISupportedInterfaceOrientations_iPhone = "UIInterfaceOrientationPortrait UIInterfaceOrientationLandscapeLeft UIInterfaceOrientationLandscapeRight";
				IPHONEOS_DEPLOYMENT_TARGET = 17.0;
				LD_RUNPATH_SEARCH_PATHS = (
					"$(inherited)",
					"@executable_path/Frameworks",
				);
				MARKETING_VERSION = 1.1;
				PRODUCT_BUNDLE_IDENTIFIER = com.jamesdai.storycharts;
				PRODUCT_NAME = "$(TARGET_NAME)";
				SDKROOT = iphoneos;
				SUPPORTED_PLATFORMS = "iphoneos iphonesimulator";
				SUPPORTS_MACCATALYST = NO;
				SWIFT_EMIT_LOC_STRINGS = YES;
				SWIFT_VERSION = 5.0;
				TARGETED_DEVICE_FAMILY = "1,2";
			};
			name = Release;
		};
		G200000001 /* Debug */ = {
			isa = XCBuildConfiguration;
			buildSettings = {
				ASSETCATALOG_COMPILER_APPICON_NAME = AppIcon;
				ASSETCATALOG_COMPILER_GLOBAL_ACCENT_COLOR_NAME = AccentColor;
				CODE_SIGN_STYLE = Automatic;
				CURRENT_PROJECT_VERSION = 5;
				DEVELOPMENT_TEAM = CR3TXC4TRW;
				GENERATE_INFOPLIST_FILE = YES;
				INFOPLIST_KEY_CFBundleDisplayName = StoryCharts;
				INFOPLIST_KEY_ITSAppUsesNonExemptEncryption = NO;
				INFOPLIST_KEY_WKCompanionAppBundleIdentifier = com.jamesdai.storycharts;
				MARKETING_VERSION = 1.1;
				PRODUCT_BUNDLE_IDENTIFIER = com.jamesdai.storycharts.watchkitapp;
				PRODUCT_NAME = "$(TARGET_NAME)";
				SDKROOT = watchos;
				SKIP_INSTALL = YES;
				SUPPORTED_PLATFORMS = "watchos watchsimulator";
				SWIFT_EMIT_LOC_STRINGS = YES;
				SWIFT_VERSION = 5.0;
				TARGETED_DEVICE_FAMILY = 4;
				WATCHOS_DEPLOYMENT_TARGET = 10.0;
			};
			name = Debug;
		};
		G200000002 /* Release */ = {
			isa = XCBuildConfiguration;
			buildSettings = {
				ASSETCATALOG_COMPILER_APPICON_NAME = AppIcon;
				ASSETCATALOG_COMPILER_GLOBAL_ACCENT_COLOR_NAME = AccentColor;
				CODE_SIGN_STYLE = Automatic;
				CURRENT_PROJECT_VERSION = 5;
				DEVELOPMENT_TEAM = CR3TXC4TRW;
				GENERATE_INFOPLIST_FILE = YES;
				INFOPLIST_KEY_CFBundleDisplayName = StoryCharts;
				INFOPLIST_KEY_ITSAppUsesNonExemptEncryption = NO;
				INFOPLIST_KEY_WKCompanionAppBundleIdentifier = com.jamesdai.storycharts;
				MARKETING_VERSION = 1.1;
				PRODUCT_BUNDLE_IDENTIFIER = com.jamesdai.storycharts.watchkitapp;
				PRODUCT_NAME = "$(TARGET_NAME)";
				SDKROOT = watchos;
				SKIP_INSTALL = YES;
				SUPPORTED_PLATFORMS = "watchos watchsimulator";
				SWIFT_EMIT_LOC_STRINGS = YES;
				SWIFT_VERSION = 5.0;
				TARGETED_DEVICE_FAMILY = 4;
				WATCHOS_DEPLOYMENT_TARGET = 10.0;
			};
			name = Release;
		};
/* End XCBuildConfiguration section */

/* Begin XCConfigurationList section */
		F000000001 /* Build configuration list for PBXProject "StoryCharts" */ = {
			isa = XCConfigurationList;
			buildConfigurations = (
				G000000001 /* Debug */,
				G000000002 /* Release */,
			);
			defaultConfigurationIsVisible = 0;
			defaultConfigurationName = Release;
		};
		F100000001 /* Build configuration list for PBXNativeTarget "StoryCharts" */ = {
			isa = XCConfigurationList;
			buildConfigurations = (
				G100000001 /* Debug */,
				G100000002 /* Release */,
			);
			defaultConfigurationIsVisible = 0;
			defaultConfigurationName = Release;
		};
		F200000001 /* Build configuration list for PBXNativeTarget "StoryCharts Watch" */ = {
			isa = XCConfigurationList;
			buildConfigurations = (
				G200000001 /* Debug */,
				G200000002 /* Release */,
			);
			defaultConfigurationIsVisible = 0;
			defaultConfigurationName = Release;
		};
/* End XCConfigurationList section */
	};
	rootObject = D099999999 /* Project object */;
}
